
Microsoft Visual Studio Solution File, Format Version 12.00
# Visual Studio Version 16
VisualStudioVersion = 16.0.29409.12
MinimumVisualStudioVersion = 10.0.40219.1
Project("{FAE04EC0-301F-11D3-BF4B-00C04F79EFBC}") = "Solution", "Solution\Solution.csproj", "{8C77A82E-1FF9-4393-8CB1-54C9DBB449C0}"
EndProject
Project("{FAE04EC0-301F-11D3-BF4B-00C04F79EFBC}") = "TestSolution", "TestSolution\TestSolution.csproj", "{FC110244-1B62-465B-BEBB-777B38952FB8}"
EndProject
Global
	GlobalSection(SolutionConfigurationPlatforms) = preSolution
		Debug|Any CPU = Debug|Any CPU
		Release|Any CPU = Release|Any CPU
	EndGlobalSection
	GlobalSection(ProjectConfigurationPlatforms) = postSolution
		{8C77A82E-1FF9-4393-8CB1-54C9DBB449C0}.Debug|Any CPU.ActiveCfg = Debug|Any CPU
		{8C77A82E-1FF9-4393-8CB1-54C9DBB449C0}.Debug|Any CPU.Build.0 = Debug|Any CPU
		{8C77A82E-1FF9-4393-8CB1-54C9DBB449C0}.Release|Any CPU.ActiveCfg = Release|Any CPU
		{8C77A82E-1FF9-4393-8CB1-54C9DBB449C0}.Release|Any CPU.Build.0 = Release|Any CPU
		{FC110244-1B62-465B-BEBB-777B38952FB8}.Debug|Any CPU.ActiveCfg = Debug|Any CPU
		{FC110244-1B62-465B-BEBB-777B38952FB8}.Debug|Any CPU.Build.0 = Debug|Any CPU
		{FC110244-1B62-465B-BEBB-777B38952FB8}.Release|Any CPU.ActiveCfg = Release|Any CPU
		{FC110244-1B62-465B-BEBB-777B38952FB8}.Release|Any CPU.Build.0 = Release|Any CPU
	EndGlobalSection
	GlobalSection(SolutionProperties) = preSolution
		HideSolutionNode = FALSE
	EndGlobalSection
	GlobalSection(ExtensibilityGlobals) = postSolution
		SolutionGuid = {94CB811F-8FF3-4203-92C3-CB3DC2016B72}
	EndGlobalSection
EndGlobal
